
Microsoft Visual Studio Solution File, Format Version 12.00
# Visual Studio 15
VisualStudioVersion = 15.0.26124.0
MinimumVisualStudioVersion = 15.0.26124.0
Project("{2150E333-8FDC-42A3-9474-1A3956D46DE8}") = "src", "src", "{8DF1E217-24CD-4244-AE70-47465C135F1A}"
EndProject
Project("{2150E333-8FDC-42A3-9474-1A3956D46DE8}") = "Services", "Services", "{E5434CA9-CC80-4D4D-BE5B-E58B96999880}"
EndProject
Project("{2150E333-8FDC-42A3-9474-1A3956D46DE8}") = "Catalogo", "Catalogo", "{4C068829-F2EB-4659-9C7E-83330B28C05C}"
EndProject
Project("{FAE04EC0-301F-11D3-BF4B-00C04F79EFBC}") = "NerdStore.Catalogo.Domain", "src\Services\Catalogo\NerdStore.Catalogo.Domain\NerdStore.Catalogo.Domain.csproj", "{624C1907-11E8-4012-A2AF-711AD06C06AB}"
EndProject
Project("{2150E333-8FDC-42A3-9474-1A3956D46DE8}") = "Core", "Core", "{B841802E-5697-4F79-8822-AF08CCDF145E}"
EndProject
Project("{FAE04EC0-301F-11D3-BF4B-00C04F79EFBC}") = "NerdStore.Core", "src\Services\Core\NerdStore.Core\NerdStore.Core.csproj", "{B27AC276-3716-48EE-9BEF-13BA175B8420}"
EndProject
Project("{2150E333-8FDC-42A3-9474-1A3956D46DE8}") = "Tests", "Tests", "{6C03E04D-16A3-4C61-8512-A49D5F7C66B5}"
EndProject
Project("{FAE04EC0-301F-11D3-BF4B-00C04F79EFBC}") = "NerdStore.Catalogo.Domain.Tests", "Tests\NerdStore.Catalogo.Domain.Tests\NerdStore.Catalogo.Domain.Tests.csproj", "{E7E8D08D-AE71-42FC-9E3D-2AA14C207F17}"
EndProject
Project("{FAE04EC0-301F-11D3-BF4B-00C04F79EFBC}") = "NerdStore.Catalogo.Data", "src\Services\Catalogo\NerdStore.Catalogo.Data\NerdStore.Catalogo.Data.csproj", "{6AC4CA6A-D7E0-4876-BE86-B33A93763F39}"
EndProject
Project("{FAE04EC0-301F-11D3-BF4B-00C04F79EFBC}") = "NerdStore.Catalogo.Application", "src\Services\Catalogo\NerdStore.Catalogo.Application\NerdStore.Catalogo.Application.csproj", "{0DE5645F-D617-4555-BCFA-171C7DE651D4}"
EndProject
Project("{FAE04EC0-301F-11D3-BF4B-00C04F79EFBC}") = "NerdStore.WebApp.Mvc", "src\NerdStore.WebApp.Mvc\NerdStore.WebApp.Mvc.csproj", "{F9ADCA6F-16A8-4F4B-B331-BAFBC091D462}"
EndProject
Project("{2150E333-8FDC-42A3-9474-1A3956D46DE8}") = "Vendas", "Vendas", "{9910527E-2D5C-4827-9C6C-B33DDA43E828}"
EndProject
Project("{FAE04EC0-301F-11D3-BF4B-00C04F79EFBC}") = "NerdStore.Vendas.Domain", "src\Services\Vendas\NerdStore.Vendas.Domain\NerdStore.Vendas.Domain.csproj", "{F3566A7D-BB59-40BF-9DB0-F7964C583D4D}"
EndProject
Project("{FAE04EC0-301F-11D3-BF4B-00C04F79EFBC}") = "NerdStore.Vendas.Application", "src\Services\Vendas\NerdStore.Vendas.Application\NerdStore.Vendas.Application.csproj", "{4C35E044-4D23-4B71-96D1-B58619ACA216}"
EndProject
Project("{FAE04EC0-301F-11D3-BF4B-00C04F79EFBC}") = "NerdStore.Vendas.Data", "src\Services\Vendas\NerdStore.Vendas.Data\NerdStore.Vendas.Data.csproj", "{3E267BAC-3D4D-4EED-A494-761F60C8CC4D}"
EndProject
Project("{2150E333-8FDC-42A3-9474-1A3956D46DE8}") = "Pagamentos", "Pagamentos", "{A843479E-A283-4034-BC29-CC4F10A1B382}"
EndProject
Project("{FAE04EC0-301F-11D3-BF4B-00C04F79EFBC}") = "NerdStore.Pagamentos.Business", "src\Services\Pagamentos\NerdStore.Pagamentos.Business\NerdStore.Pagamentos.Business.csproj", "{80A5FC22-3419-4BD8-99E0-20EE93CDEE52}"
EndProject
Project("{FAE04EC0-301F-11D3-BF4B-00C04F79EFBC}") = "NerdStore.Pagamentos.AntiCorruption", "src\Services\Pagamentos\NerdStore.Pagamentos.AntiCorruption\NerdStore.Pagamentos.AntiCorruption.csproj", "{7BD13E05-CF9A-467A-8CB3-2DFDE53F09BE}"
EndProject
Project("{FAE04EC0-301F-11D3-BF4B-00C04F79EFBC}") = "NerdStore.Pagamentos.Data", "src\Services\Pagamentos\NerdStore.Pagamentos.Data\NerdStore.Pagamentos.Data.csproj", "{EB30E42C-96A5-4D66-A91B-34EF9826D67C}"
EndProject
Global
	GlobalSection(SolutionConfigurationPlatforms) = preSolution
		Debug|Any CPU = Debug|Any CPU
		Debug|x64 = Debug|x64
		Debug|x86 = Debug|x86
		Release|Any CPU = Release|Any CPU
		Release|x64 = Release|x64
		Release|x86 = Release|x86
	EndGlobalSection
	GlobalSection(SolutionProperties) = preSolution
		HideSolutionNode = FALSE
	EndGlobalSection
	GlobalSection(ProjectConfigurationPlatforms) = postSolution
		{624C1907-11E8-4012-A2AF-711AD06C06AB}.Debug|Any CPU.ActiveCfg = Debug|Any CPU
		{624C1907-11E8-4012-A2AF-711AD06C06AB}.Debug|Any CPU.Build.0 = Debug|Any CPU
		{624C1907-11E8-4012-A2AF-711AD06C06AB}.Debug|x64.ActiveCfg = Debug|Any CPU
		{624C1907-11E8-4012-A2AF-711AD06C06AB}.Debug|x64.Build.0 = Debug|Any CPU
		{624C1907-11E8-4012-A2AF-711AD06C06AB}.Debug|x86.ActiveCfg = Debug|Any CPU
		{624C1907-11E8-4012-A2AF-711AD06C06AB}.Debug|x86.Build.0 = Debug|Any CPU
		{624C1907-11E8-4012-A2AF-711AD06C06AB}.Release|Any CPU.ActiveCfg = Release|Any CPU
		{624C1907-11E8-4012-A2AF-711AD06C06AB}.Release|Any CPU.Build.0 = Release|Any CPU
		{624C1907-11E8-4012-A2AF-711AD06C06AB}.Release|x64.ActiveCfg = Release|Any CPU
		{624C1907-11E8-4012-A2AF-711AD06C06AB}.Release|x64.Build.0 = Release|Any CPU
		{624C1907-11E8-4012-A2AF-711AD06C06AB}.Release|x86.ActiveCfg = Release|Any CPU
		{624C1907-11E8-4012-A2AF-711AD06C06AB}.Release|x86.Build.0 = Release|Any CPU
		{B27AC276-3716-48EE-9BEF-13BA175B8420}.Debug|Any CPU.ActiveCfg = Debug|Any CPU
		{B27AC276-3716-48EE-9BEF-13BA175B8420}.Debug|Any CPU.Build.0 = Debug|Any CPU
		{B27AC276-3716-48EE-9BEF-13BA175B8420}.Debug|x64.ActiveCfg = Debug|Any CPU
		{B27AC276-3716-48EE-9BEF-13BA175B8420}.Debug|x64.Build.0 = Debug|Any CPU
		{B27AC276-3716-48EE-9BEF-13BA175B8420}.Debug|x86.ActiveCfg = Debug|Any CPU
		{B27AC276-3716-48EE-9BEF-13BA175B8420}.Debug|x86.Build.0 = Debug|Any CPU
		{B27AC276-3716-48EE-9BEF-13BA175B8420}.Release|Any CPU.ActiveCfg = Release|Any CPU
		{B27AC276-3716-48EE-9BEF-13BA175B8420}.Release|Any CPU.Build.0 = Release|Any CPU
		{B27AC276-3716-48EE-9BEF-13BA175B8420}.Release|x64.ActiveCfg = Release|Any CPU
		{B27AC276-3716-48EE-9BEF-13BA175B8420}.Release|x64.Build.0 = Release|Any CPU
		{B27AC276-3716-48EE-9BEF-13BA175B8420}.Release|x86.ActiveCfg = Release|Any CPU
		{B27AC276-3716-48EE-9BEF-13BA175B8420}.Release|x86.Build.0 = Release|Any CPU
		{E7E8D08D-AE71-42FC-9E3D-2AA14C207F17}.Debug|Any CPU.ActiveCfg = Debug|Any CPU
		{E7E8D08D-AE71-42FC-9E3D-2AA14C207F17}.Debug|Any CPU.Build.0 = Debug|Any CPU
		{E7E8D08D-AE71-42FC-9E3D-2AA14C207F17}.Debug|x64.ActiveCfg = Debug|Any CPU
		{E7E8D08D-AE71-42FC-9E3D-2AA14C207F17}.Debug|x64.Build.0 = Debug|Any CPU
		{E7E8D08D-AE71-42FC-9E3D-2AA14C207F17}.Debug|x86.ActiveCfg = Debug|Any CPU
		{E7E8D08D-AE71-42FC-9E3D-2AA14C207F17}.Debug|x86.Build.0 = Debug|Any CPU
		{E7E8D08D-AE71-42FC-9E3D-2AA14C207F17}.Release|Any CPU.ActiveCfg = Release|Any CPU
		{E7E8D08D-AE71-42FC-9E3D-2AA14C207F17}.Release|Any CPU.Build.0 = Release|Any CPU
		{E7E8D08D-AE71-42FC-9E3D-2AA14C207F17}.Release|x64.ActiveCfg = Release|Any CPU
		{E7E8D08D-AE71-42FC-9E3D-2AA14C207F17}.Release|x64.Build.0 = Release|Any CPU
		{E7E8D08D-AE71-42FC-9E3D-2AA14C207F17}.Release|x86.ActiveCfg = Release|Any CPU
		{E7E8D08D-AE71-42FC-9E3D-2AA14C207F17}.Release|x86.Build.0 = Release|Any CPU
		{6AC4CA6A-D7E0-4876-BE86-B33A93763F39}.Debug|Any CPU.ActiveCfg = Debug|Any CPU
		{6AC4CA6A-D7E0-4876-BE86-B33A93763F39}.Debug|Any CPU.Build.0 = Debug|Any CPU
		{6AC4CA6A-D7E0-4876-BE86-B33A93763F39}.Debug|x64.ActiveCfg = Debug|Any CPU
		{6AC4CA6A-D7E0-4876-BE86-B33A93763F39}.Debug|x64.Build.0 = Debug|Any CPU
		{6AC4CA6A-D7E0-4876-BE86-B33A93763F39}.Debug|x86.ActiveCfg = Debug|Any CPU
		{6AC4CA6A-D7E0-4876-BE86-B33A93763F39}.Debug|x86.Build.0 = Debug|Any CPU
		{6AC4CA6A-D7E0-4876-BE86-B33A93763F39}.Release|Any CPU.ActiveCfg = Release|Any CPU
		{6AC4CA6A-D7E0-4876-BE86-B33A93763F39}.Release|Any CPU.Build.0 = Release|Any CPU
		{6AC4CA6A-D7E0-4876-BE86-B33A93763F39}.Release|x64.ActiveCfg = Release|Any CPU
		{6AC4CA6A-D7E0-4876-BE86-B33A93763F39}.Release|x64.Build.0 = Release|Any CPU
		{6AC4CA6A-D7E0-4876-BE86-B33A93763F39}.Release|x86.ActiveCfg = Release|Any CPU
		{6AC4CA6A-D7E0-4876-BE86-B33A93763F39}.Release|x86.Build.0 = Release|Any CPU
		{0DE5645F-D617-4555-BCFA-171C7DE651D4}.Debug|Any CPU.ActiveCfg = Debug|Any CPU
		{0DE5645F-D617-4555-BCFA-171C7DE651D4}.Debug|Any CPU.Build.0 = Debug|Any CPU
		{0DE5645F-D617-4555-BCFA-171C7DE651D4}.Debug|x64.ActiveCfg = Debug|Any CPU
		{0DE5645F-D617-4555-BCFA-171C7DE651D4}.Debug|x64.Build.0 = Debug|Any CPU
		{0DE5645F-D617-4555-BCFA-171C7DE651D4}.Debug|x86.ActiveCfg = Debug|Any CPU
		{0DE5645F-D617-4555-BCFA-171C7DE651D4}.Debug|x86.Build.0 = Debug|Any CPU
		{0DE5645F-D617-4555-BCFA-171C7DE651D4}.Release|Any CPU.ActiveCfg = Release|Any CPU
		{0DE5645F-D617-4555-BCFA-171C7DE651D4}.Release|Any CPU.Build.0 = Release|Any CPU
		{0DE5645F-D617-4555-BCFA-171C7DE651D4}.Release|x64.ActiveCfg = Release|Any CPU
		{0DE5645F-D617-4555-BCFA-171C7DE651D4}.Release|x64.Build.0 = Release|Any CPU
		{0DE5645F-D617-4555-BCFA-171C7DE651D4}.Release|x86.ActiveCfg = Release|Any CPU
		{0DE5645F-D617-4555-BCFA-171C7DE651D4}.Release|x86.Build.0 = Release|Any CPU
		{F9ADCA6F-16A8-4F4B-B331-BAFBC091D462}.Debug|Any CPU.ActiveCfg = Debug|Any CPU
		{F9ADCA6F-16A8-4F4B-B331-BAFBC091D462}.Debug|Any CPU.Build.0 = Debug|Any CPU
		{F9ADCA6F-16A8-4F4B-B331-BAFBC091D462}.Debug|x64.ActiveCfg = Debug|Any CPU
		{F9ADCA6F-16A8-4F4B-B331-BAFBC091D462}.Debug|x64.Build.0 = Debug|Any CPU
		{F9ADCA6F-16A8-4F4B-B331-BAFBC091D462}.Debug|x86.ActiveCfg = Debug|Any CPU
		{F9ADCA6F-16A8-4F4B-B331-BAFBC091D462}.Debug|x86.Build.0 = Debug|Any CPU
		{F9ADCA6F-16A8-4F4B-B331-BAFBC091D462}.Release|Any CPU.ActiveCfg = Release|Any CPU
		{F9ADCA6F-16A8-4F4B-B331-BAFBC091D462}.Release|Any CPU.Build.0 = Release|Any CPU
		{F9ADCA6F-16A8-4F4B-B331-BAFBC091D462}.Release|x64.ActiveCfg = Release|Any CPU
		{F9ADCA6F-16A8-4F4B-B331-BAFBC091D462}.Release|x64.Build.0 = Release|Any CPU
		{F9ADCA6F-16A8-4F4B-B331-BAFBC091D462}.Release|x86.ActiveCfg = Release|Any CPU
		{F9ADCA6F-16A8-4F4B-B331-BAFBC091D462}.Release|x86.Build.0 = Release|Any CPU
		{F3566A7D-BB59-40BF-9DB0-F7964C583D4D}.Debug|Any CPU.ActiveCfg = Debug|Any CPU
		{F3566A7D-BB59-40BF-9DB0-F7964C583D4D}.Debug|Any CPU.Build.0 = Debug|Any CPU
		{F3566A7D-BB59-40BF-9DB0-F7964C583D4D}.Debug|x64.ActiveCfg = Debug|Any CPU
		{F3566A7D-BB59-40BF-9DB0-F7964C583D4D}.Debug|x64.Build.0 = Debug|Any CPU
		{F3566A7D-BB59-40BF-9DB0-F7964C583D4D}.Debug|x86.ActiveCfg = Debug|Any CPU
		{F3566A7D-BB59-40BF-9DB0-F7964C583D4D}.Debug|x86.Build.0 = Debug|Any CPU
		{F3566A7D-BB59-40BF-9DB0-F7964C583D4D}.Release|Any CPU.ActiveCfg = Release|Any CPU
		{F3566A7D-BB59-40BF-9DB0-F7964C583D4D}.Release|Any CPU.Build.0 = Release|Any CPU
		{F3566A7D-BB59-40BF-9DB0-F7964C583D4D}.Release|x64.ActiveCfg = Release|Any CPU
		{F3566A7D-BB59-40BF-9DB0-F7964C583D4D}.Release|x64.Build.0 = Release|Any CPU
		{F3566A7D-BB59-40BF-9DB0-F7964C583D4D}.Release|x86.ActiveCfg = Release|Any CPU
		{F3566A7D-BB59-40BF-9DB0-F7964C583D4D}.Release|x86.Build.0 = Release|Any CPU
		{4C35E044-4D23-4B71-96D1-B58619ACA216}.Debug|Any CPU.ActiveCfg = Debug|Any CPU
		{4C35E044-4D23-4B71-96D1-B58619ACA216}.Debug|Any CPU.Build.0 = Debug|Any CPU
		{4C35E044-4D23-4B71-96D1-B58619ACA216}.Debug|x64.ActiveCfg = Debug|Any CPU
		{4C35E044-4D23-4B71-96D1-B58619ACA216}.Debug|x64.Build.0 = Debug|Any CPU
		{4C35E044-4D23-4B71-96D1-B58619ACA216}.Debug|x86.ActiveCfg = Debug|Any CPU
		{4C35E044-4D23-4B71-96D1-B58619ACA216}.Debug|x86.Build.0 = Debug|Any CPU
		{4C35E044-4D23-4B71-96D1-B58619ACA216}.Release|Any CPU.ActiveCfg = Release|Any CPU
		{4C35E044-4D23-4B71-96D1-B58619ACA216}.Release|Any CPU.Build.0 = Release|Any CPU
		{4C35E044-4D23-4B71-96D1-B58619ACA216}.Release|x64.ActiveCfg = Release|Any CPU
		{4C35E044-4D23-4B71-96D1-B58619ACA216}.Release|x64.Build.0 = Release|Any CPU
		{4C35E044-4D23-4B71-96D1-B58619ACA216}.Release|x86.ActiveCfg = Release|Any CPU
		{4C35E044-4D23-4B71-96D1-B58619ACA216}.Release|x86.Build.0 = Release|Any CPU
		{3E267BAC-3D4D-4EED-A494-761F60C8CC4D}.Debug|Any CPU.ActiveCfg = Debug|Any CPU
		{3E267BAC-3D4D-4EED-A494-761F60C8CC4D}.Debug|Any CPU.Build.0 = Debug|Any CPU
		{3E267BAC-3D4D-4EED-A494-761F60C8CC4D}.Debug|x64.ActiveCfg = Debug|Any CPU
		{3E267BAC-3D4D-4EED-A494-761F60C8CC4D}.Debug|x64.Build.0 = Debug|Any CPU
		{3E267BAC-3D4D-4EED-A494-761F60C8CC4D}.Debug|x86.ActiveCfg = Debug|Any CPU
		{3E267BAC-3D4D-4EED-A494-761F60C8CC4D}.Debug|x86.Build.0 = Debug|Any CPU
		{3E267BAC-3D4D-4EED-A494-761F60C8CC4D}.Release|Any CPU.ActiveCfg = Release|Any CPU
		{3E267BAC-3D4D-4EED-A494-761F60C8CC4D}.Release|Any CPU.Build.0 = Release|Any CPU
		{3E267BAC-3D4D-4EED-A494-761F60C8CC4D}.Release|x64.ActiveCfg = Release|Any CPU
		{3E267BAC-3D4D-4EED-A494-761F60C8CC4D}.Release|x64.Build.0 = Release|Any CPU
		{3E267BAC-3D4D-4EED-A494-761F60C8CC4D}.Release|x86.ActiveCfg = Release|Any CPU
		{3E267BAC-3D4D-4EED-A494-761F60C8CC4D}.Release|x86.Build.0 = Release|Any CPU
		{80A5FC22-3419-4BD8-99E0-20EE93CDEE52}.Debug|Any CPU.ActiveCfg = Debug|Any CPU
		{80A5FC22-3419-4BD8-99E0-20EE93CDEE52}.Debug|Any CPU.Build.0 = Debug|Any CPU
		{80A5FC22-3419-4BD8-99E0-20EE93CDEE52}.Debug|x64.ActiveCfg = Debug|Any CPU
		{80A5FC22-3419-4BD8-99E0-20EE93CDEE52}.Debug|x64.Build.0 = Debug|Any CPU
		{80A5FC22-3419-4BD8-99E0-20EE93CDEE52}.Debug|x86.ActiveCfg = Debug|Any CPU
		{80A5FC22-3419-4BD8-99E0-20EE93CDEE52}.Debug|x86.Build.0 = Debug|Any CPU
		{80A5FC22-3419-4BD8-99E0-20EE93CDEE52}.Release|Any CPU.ActiveCfg = Release|Any CPU
		{80A5FC22-3419-4BD8-99E0-20EE93CDEE52}.Release|Any CPU.Build.0 = Release|Any CPU
		{80A5FC22-3419-4BD8-99E0-20EE93CDEE52}.Release|x64.ActiveCfg = Release|Any CPU
		{80A5FC22-3419-4BD8-99E0-20EE93CDEE52}.Release|x64.Build.0 = Release|Any CPU
		{80A5FC22-3419-4BD8-99E0-20EE93CDEE52}.Release|x86.ActiveCfg = Release|Any CPU
		{80A5FC22-3419-4BD8-99E0-20EE93CDEE52}.Release|x86.Build.0 = Release|Any CPU
		{7BD13E05-CF9A-467A-8CB3-2DFDE53F09BE}.Debug|Any CPU.ActiveCfg = Debug|Any CPU
		{7BD13E05-CF9A-467A-8CB3-2DFDE53F09BE}.Debug|Any CPU.Build.0 = Debug|Any CPU
		{7BD13E05-CF9A-467A-8CB3-2DFDE53F09BE}.Debug|x64.ActiveCfg = Debug|Any CPU
		{7BD13E05-CF9A-467A-8CB3-2DFDE53F09BE}.Debug|x64.Build.0 = Debug|Any CPU
		{7BD13E05-CF9A-467A-8CB3-2DFDE53F09BE}.Debug|x86.ActiveCfg = Debug|Any CPU
		{7BD13E05-CF9A-467A-8CB3-2DFDE53F09BE}.Debug|x86.Build.0 = Debug|Any CPU
		{7BD13E05-CF9A-467A-8CB3-2DFDE53F09BE}.Release|Any CPU.ActiveCfg = Release|Any CPU
		{7BD13E05-CF9A-467A-8CB3-2DFDE53F09BE}.Release|Any CPU.Build.0 = Release|Any CPU
		{7BD13E05-CF9A-467A-8CB3-2DFDE53F09BE}.Release|x64.ActiveCfg = Release|Any CPU
		{7BD13E05-CF9A-467A-8CB3-2DFDE53F09BE}.Release|x64.Build.0 = Release|Any CPU
		{7BD13E05-CF9A-467A-8CB3-2DFDE53F09BE}.Release|x86.ActiveCfg = Release|Any CPU
		{7BD13E05-CF9A-467A-8CB3-2DFDE53F09BE}.Release|x86.Build.0 = Release|Any CPU
		{EB30E42C-96A5-4D66-A91B-34EF9826D67C}.Debug|Any CPU.ActiveCfg = Debug|Any CPU
		{EB30E42C-96A5-4D66-A91B-34EF9826D67C}.Debug|Any CPU.Build.0 = Debug|Any CPU
		{EB30E42C-96A5-4D66-A91B-34EF9826D67C}.Debug|x64.ActiveCfg = Debug|Any CPU
		{EB30E42C-96A5-4D66-A91B-34EF9826D67C}.Debug|x64.Build.0 = Debug|Any CPU
		{EB30E42C-96A5-4D66-A91B-34EF9826D67C}.Debug|x86.ActiveCfg = Debug|Any CPU
		{EB30E42C-96A5-4D66-A91B-34EF9826D67C}.Debug|x86.Build.0 = Debug|Any CPU
		{EB30E42C-96A5-4D66-A91B-34EF9826D67C}.Release|Any CPU.ActiveCfg = Release|Any CPU
		{EB30E42C-96A5-4D66-A91B-34EF9826D67C}.Release|Any CPU.Build.0 = Release|Any CPU
		{EB30E42C-96A5-4D66-A91B-34EF9826D67C}.Release|x64.ActiveCfg = Release|Any CPU
		{EB30E42C-96A5-4D66-A91B-34EF9826D67C}.Release|x64.Build.0 = Release|Any CPU
		{EB30E42C-96A5-4D66-A91B-34EF9826D67C}.Release|x86.ActiveCfg = Release|Any CPU
		{EB30E42C-96A5-4D66-A91B-34EF9826D67C}.Release|x86.Build.0 = Release|Any CPU
	EndGlobalSection
	GlobalSection(NestedProjects) = preSolution
		{E5434CA9-CC80-4D4D-BE5B-E58B96999880} = {8DF1E217-24CD-4244-AE70-47465C135F1A}
		{4C068829-F2EB-4659-9C7E-83330B28C05C} = {E5434CA9-CC80-4D4D-BE5B-E58B96999880}
		{624C1907-11E8-4012-A2AF-711AD06C06AB} = {4C068829-F2EB-4659-9C7E-83330B28C05C}
		{B841802E-5697-4F79-8822-AF08CCDF145E} = {E5434CA9-CC80-4D4D-BE5B-E58B96999880}
		{B27AC276-3716-48EE-9BEF-13BA175B8420} = {B841802E-5697-4F79-8822-AF08CCDF145E}
		{E7E8D08D-AE71-42FC-9E3D-2AA14C207F17} = {6C03E04D-16A3-4C61-8512-A49D5F7C66B5}
		{6AC4CA6A-D7E0-4876-BE86-B33A93763F39} = {4C068829-F2EB-4659-9C7E-83330B28C05C}
		{0DE5645F-D617-4555-BCFA-171C7DE651D4} = {4C068829-F2EB-4659-9C7E-83330B28C05C}
		{F9ADCA6F-16A8-4F4B-B331-BAFBC091D462} = {8DF1E217-24CD-4244-AE70-47465C135F1A}
		{9910527E-2D5C-4827-9C6C-B33DDA43E828} = {E5434CA9-CC80-4D4D-BE5B-E58B96999880}
		{F3566A7D-BB59-40BF-9DB0-F7964C583D4D} = {9910527E-2D5C-4827-9C6C-B33DDA43E828}
		{4C35E044-4D23-4B71-96D1-B58619ACA216} = {9910527E-2D5C-4827-9C6C-B33DDA43E828}
		{3E267BAC-3D4D-4EED-A494-761F60C8CC4D} = {9910527E-2D5C-4827-9C6C-B33DDA43E828}
		{A843479E-A283-4034-BC29-CC4F10A1B382} = {E5434CA9-CC80-4D4D-BE5B-E58B96999880}
		{80A5FC22-3419-4BD8-99E0-20EE93CDEE52} = {A843479E-A283-4034-BC29-CC4F10A1B382}
		{7BD13E05-CF9A-467A-8CB3-2DFDE53F09BE} = {A843479E-A283-4034-BC29-CC4F10A1B382}
		{EB30E42C-96A5-4D66-A91B-34EF9826D67C} = {A843479E-A283-4034-BC29-CC4F10A1B382}
	EndGlobalSection
EndGlobal
